
Microsoft Visual Studio Solution File, Format Version 12.00
# Visual Studio Version 17
VisualStudioVersion = 17.4.33213.308
MinimumVisualStudioVersion = 10.0.40219.1
Project("{FAE04EC0-301F-11D3-BF4B-00C04F79EFBC}") = "Innovecs_Drozdiuk_Test", "Innovecs_Drozdiuk_Test\Innovecs_Drozdiuk_Test.csproj", "{B2186587-A229-4470-B727-67FF0EBF244A}"
EndProject
Global
	GlobalSection(SolutionConfigurationPlatforms) = preSolution
		Debug|Any CPU = Debug|Any CPU
		Release|Any CPU = Release|Any CPU
	EndGlobalSection
	GlobalSection(ProjectConfigurationPlatforms) = postSolution
		{B2186587-A229-4470-B727-67FF0EBF244A}.Debug|Any CPU.ActiveCfg = Debug|Any CPU
		{B2186587-A229-4470-B727-67FF0EBF244A}.Debug|Any CPU.Build.0 = Debug|Any CPU
		{B2186587-A229-4470-B727-67FF0EBF244A}.Release|Any CPU.ActiveCfg = Release|Any CPU
		{B2186587-A229-4470-B727-67FF0EBF244A}.Release|Any CPU.Build.0 = Release|Any CPU
	EndGlobalSection
	GlobalSection(SolutionProperties) = preSolution
		HideSolutionNode = FALSE
	EndGlobalSection
	GlobalSection(ExtensibilityGlobals) = postSolution
		SolutionGuid = {F9959D40-5F29-4B6E-B122-E636CE756F04}
	EndGlobalSection
EndGlobal
