
Microsoft Visual Studio Solution File, Format Version 12.00
# Visual Studio Version 17
VisualStudioVersion = 17.4.33213.308
MinimumVisualStudioVersion = 10.0.40219.1
Project("{9A19103F-16F7-4668-BE54-9A1E7A4F7556}") = "MyApplicationName.Sender.Organiser", "MyApplicationName.Sender.Organiser\MyApplicationName.Sender.Organiser.csproj", "{F5089D55-4A61-4A80-98E2-12877FC62C4B}"
EndProject
Project("{9A19103F-16F7-4668-BE54-9A1E7A4F7556}") = "MyApplicationName.Models", "MyApplicationName.Models\MyApplicationName.Models.csproj", "{0D7210D3-3E45-4DFE-9A13-43B0A29D4212}"
EndProject
Project("{9A19103F-16F7-4668-BE54-9A1E7A4F7556}") = "MyApplicationName.BLL", "MyApplicationName.BLL\MyApplicationName.BLL.csproj", "{A34CB62C-088B-4D99-AFDD-4D4E9AF2E961}"
EndProject
Project("{9A19103F-16F7-4668-BE54-9A1E7A4F7556}") = "MyApplicationName.Api", "MyAplicationName.Api\MyApplicationName.Api.csproj", "{BB9C8908-5205-47A1-A359-4A50091BD611}"
EndProject
Global
	GlobalSection(SolutionConfigurationPlatforms) = preSolution
		Debug|Any CPU = Debug|Any CPU
		Release|Any CPU = Release|Any CPU
	EndGlobalSection
	GlobalSection(ProjectConfigurationPlatforms) = postSolution
		{F5089D55-4A61-4A80-98E2-12877FC62C4B}.Debug|Any CPU.ActiveCfg = Debug|Any CPU
		{F5089D55-4A61-4A80-98E2-12877FC62C4B}.Debug|Any CPU.Build.0 = Debug|Any CPU
		{F5089D55-4A61-4A80-98E2-12877FC62C4B}.Release|Any CPU.ActiveCfg = Release|Any CPU
		{F5089D55-4A61-4A80-98E2-12877FC62C4B}.Release|Any CPU.Build.0 = Release|Any CPU
		{0D7210D3-3E45-4DFE-9A13-43B0A29D4212}.Debug|Any CPU.ActiveCfg = Debug|Any CPU
		{0D7210D3-3E45-4DFE-9A13-43B0A29D4212}.Debug|Any CPU.Build.0 = Debug|Any CPU
		{0D7210D3-3E45-4DFE-9A13-43B0A29D4212}.Release|Any CPU.ActiveCfg = Release|Any CPU
		{0D7210D3-3E45-4DFE-9A13-43B0A29D4212}.Release|Any CPU.Build.0 = Release|Any CPU
		{A34CB62C-088B-4D99-AFDD-4D4E9AF2E961}.Debug|Any CPU.ActiveCfg = Debug|Any CPU
		{A34CB62C-088B-4D99-AFDD-4D4E9AF2E961}.Debug|Any CPU.Build.0 = Debug|Any CPU
		{A34CB62C-088B-4D99-AFDD-4D4E9AF2E961}.Release|Any CPU.ActiveCfg = Release|Any CPU
		{A34CB62C-088B-4D99-AFDD-4D4E9AF2E961}.Release|Any CPU.Build.0 = Release|Any CPU
		{BB9C8908-5205-47A1-A359-4A50091BD611}.Debug|Any CPU.ActiveCfg = Debug|Any CPU
		{BB9C8908-5205-47A1-A359-4A50091BD611}.Debug|Any CPU.Build.0 = Debug|Any CPU
		{BB9C8908-5205-47A1-A359-4A50091BD611}.Release|Any CPU.ActiveCfg = Release|Any CPU
		{BB9C8908-5205-47A1-A359-4A50091BD611}.Release|Any CPU.Build.0 = Release|Any CPU
	EndGlobalSection
	GlobalSection(SolutionProperties) = preSolution
		HideSolutionNode = FALSE
	EndGlobalSection
	GlobalSection(ExtensibilityGlobals) = postSolution
		SolutionGuid = {F9959D40-5F29-4B6E-B122-E636CE756F04}
	EndGlobalSection
EndGlobal
